{
  "nodes": {
    "darwin": {
      "inputs": {
        "nixpkgs": [
          "nixpkgs"
        ]
      },
      "locked": {
        "lastModified": 1657835815,
        "narHash": "sha256-CnZszAYpNKydh6N7+xg+eRtWNVoAAGqc6bg+Lpgq1xc=",
        "owner": "lnl7",
        "repo": "nix-darwin",
        "rev": "54a24f042f93c79f5679f133faddedec61955cf2",
        "type": "github"
      },
      "original": {
        "owner": "lnl7",
        "repo": "nix-darwin",
        "rev": "54a24f042f93c79f5679f133faddedec61955cf2",
        "type": "github"
      }
    },
    "fdbPkg": {
      "inputs": {
        "flakeUtils": "flakeUtils",
        "nixpkgs": "nixpkgs"
      },
      "locked": {
        "lastModified": 1662982598,
        "narHash": "sha256-DDlxSJhHzBL3tvp+Wxa8rOTTpTtH8YjqSI6BS6pC3XY=",
        "owner": "shopstic",
        "repo": "nix-fdb",
        "rev": "21ac866940d56f3016c0978f6ddc61f45d0088d6",
        "type": "github"
      },
      "original": {
        "owner": "shopstic",
        "repo": "nix-fdb",
        "rev": "21ac866940d56f3016c0978f6ddc61f45d0088d6",
        "type": "github"
      }
    },
    "flake-utils": {
      "locked": {
        "lastModified": 1653893745,
        "narHash": "sha256-0jntwV3Z8//YwuOjzhV2sgJJPt+HY6KhU7VZUL0fKZQ=",
        "owner": "numtide",
        "repo": "flake-utils",
        "rev": "1ed9fb1935d260de5fe1c2f7ee0ebaae17ed2fa1",
        "type": "github"
      },
      "original": {
        "owner": "numtide",
        "repo": "flake-utils",
        "type": "github"
      }
    },
    "flakeUtils": {
      "locked": {
        "lastModified": 1659877975,
        "narHash": "sha256-zllb8aq3YO3h8B/U0/J1WBgAL8EX5yWf5pMj3G0NAmc=",
        "owner": "numtide",
        "repo": "flake-utils",
        "rev": "c0e246b9b83f637f4681389ecabcb2681b4f3af0",
        "type": "github"
      },
      "original": {
        "owner": "numtide",
        "repo": "flake-utils",
        "type": "github"
      }
    },
    "flakeUtils_2": {
      "locked": {
        "lastModified": 1659877975,
        "narHash": "sha256-zllb8aq3YO3h8B/U0/J1WBgAL8EX5yWf5pMj3G0NAmc=",
        "owner": "numtide",
        "repo": "flake-utils",
        "rev": "c0e246b9b83f637f4681389ecabcb2681b4f3af0",
        "type": "github"
      },
      "original": {
        "owner": "numtide",
        "repo": "flake-utils",
        "type": "github"
      }
    },
    "home-manager": {
      "inputs": {
        "nixpkgs": [
          "nixpkgs"
        ]
      },
      "locked": {
        "lastModified": 1656169755,
        "narHash": "sha256-Nlnm4jeQWEGjYrE6hxi/7HYHjBSZ/E0RtjCYifnNsWk=",
        "owner": "nix-community",
        "repo": "home-manager",
        "rev": "4a3d01fb53f52ac83194081272795aa4612c2381",
        "type": "github"
      },
      "original": {
        "owner": "nix-community",
        "ref": "release-22.05",
        "repo": "home-manager",
        "type": "github"
      }
    },
    "hotPot": {
      "inputs": {
        "fdbPkg": "fdbPkg",
        "flakeUtils": "flakeUtils_2",
        "nix2containerPkg": "nix2containerPkg",
        "nixpkgs": "nixpkgs_2",
        "npmlock2nixPkg": "npmlock2nixPkg"
      },
      "locked": {
        "lastModified": 1663991139,
        "narHash": "sha256-IN2/7RvvS1gsCia9NBImtoLGTQVv+G/9SY4ffd034Wk=",
        "owner": "shopstic",
        "repo": "nix-hot-pot",
        "rev": "bc7416f3b5083037d17ccfd3b7181a38a73b295e",
        "type": "github"
      },
      "original": {
        "owner": "shopstic",
        "repo": "nix-hot-pot",
        "type": "github"
      }
    },
    "nix2containerPkg": {
      "inputs": {
        "flake-utils": "flake-utils",
        "nixpkgs": [
          "hotPot",
          "nixpkgs"
        ]
      },
      "locked": {
        "lastModified": 1663792923,
        "narHash": "sha256-rmYHPToBSrAH9sJY5PJxJtuec7K7KhpuTsEHVYcVNeE=",
        "owner": "nlewo",
        "repo": "nix2container",
        "rev": "17b8a26f417e3f50c9102826f1b5dc34bb9b83db",
        "type": "github"
      },
      "original": {
        "owner": "nlewo",
        "repo": "nix2container",
        "type": "github"
      }
    },
    "nixpkgs": {
      "locked": {
        "lastModified": 1662874738,
        "narHash": "sha256-kG29aU9f5UTWhPf/QEh5LanDmqqbbcErWYAcPptC/Cg=",
        "owner": "nixos",
        "repo": "nixpkgs",
        "rev": "dd1f4d982445a7d1b1869baa42f8f0f9bc606714",
        "type": "github"
      },
      "original": {
        "owner": "nixos",
        "ref": "nixos-22.05",
        "repo": "nixpkgs",
        "type": "github"
      }
    },
    "nixpkgs_2": {
      "locked": {
        "lastModified": 1661991083,
        "narHash": "sha256-4KVXqJOPNSrD8+p4DxsZHVOUXGU88kKjLSh6CvyLNm0=",
        "owner": "nixos",
        "repo": "nixpkgs",
        "rev": "550179b49da1182c1925b833cb70fbb2fdb11111",
        "type": "github"
      },
      "original": {
        "owner": "nixos",
        "repo": "nixpkgs",
        "rev": "550179b49da1182c1925b833cb70fbb2fdb11111",
        "type": "github"
      }
    },
    "npmlock2nixPkg": {
      "flake": false,
      "locked": {
        "lastModified": 1654775747,
        "narHash": "sha256-9pXHDpIjmsK5390wmpGHu9aA4QOPpegPBvThHeBlef4=",
        "owner": "nix-community",
        "repo": "npmlock2nix",
        "rev": "5c4f247688fc91d665df65f71c81e0726621aaa8",
        "type": "github"
      },
      "original": {
        "owner": "nix-community",
        "ref": "master",
        "repo": "npmlock2nix",
        "type": "github"
      }
    },
    "root": {
      "inputs": {
        "darwin": "darwin",
        "flakeUtils": [
          "hotPot",
          "flakeUtils"
        ],
        "home-manager": "home-manager",
        "hotPot": "hotPot",
        "nixpkgs": [
          "hotPot",
          "nixpkgs"
        ]
      }
    }
  },
  "root": "root",
  "version": 7
}
