{
  "nodes": {
    "darwin": {
      "inputs": {
        "nixpkgs": [
          "nixpkgs"
        ]
      },
      "locked": {
        "lastModified": 1759509947,
        "narHash": "sha256-4XifSIHfpJKcCf5bZZRhj8C4aCpjNBaE3kXr02s4rHU=",
        "owner": "lnl7",
        "repo": "nix-darwin",
        "rev": "000eadb231812ad6ea6aebd7526974aaf4e79355",
        "type": "github"
      },
      "original": {
        "owner": "lnl7",
        "ref": "nix-darwin-25.05",
        "repo": "nix-darwin",
        "type": "github"
      }
    },
    "flakeUtils": {
      "inputs": {
        "systems": "systems"
      },
      "locked": {
        "lastModified": 1731533236,
        "narHash": "sha256-l0KFg5HjrsfsO/JpG+r7fRrqm12kzFHyUHqHCVpMMbI=",
        "owner": "numtide",
        "repo": "flake-utils",
        "rev": "11707dc2f618dd54ca8739b309ec4fc024de578b",
        "type": "github"
      },
      "original": {
        "owner": "numtide",
        "repo": "flake-utils",
        "type": "github"
      }
    },
    "home-manager": {
      "inputs": {
        "nixpkgs": [
          "nixpkgs"
        ]
      },
      "locked": {
        "lastModified": 1758463745,
        "narHash": "sha256-uhzsV0Q0I9j2y/rfweWeGif5AWe0MGrgZ/3TjpDYdGA=",
        "owner": "nix-community",
        "repo": "home-manager",
        "rev": "3b955f5f0a942f9f60cdc9cacb7844335d0f21c3",
        "type": "github"
      },
      "original": {
        "owner": "nix-community",
        "ref": "release-25.05",
        "repo": "home-manager",
        "type": "github"
      }
    },
    "hotPot": {
      "inputs": {
        "flakeUtils": "flakeUtils",
        "nix2containerPkg": "nix2containerPkg",
        "nixpkgs": "nixpkgs",
        "nixpkgsUnstable": "nixpkgsUnstable",
        "nixpkgsUnstablePrior": "nixpkgsUnstablePrior",
        "npmlock2nixPkg": "npmlock2nixPkg",
        "rustOverlay": "rustOverlay"
      },
      "locked": {
        "lastModified": 1761092938,
        "narHash": "sha256-AfLhIssLXlDarLJOZ8u1rS8ilG4p/Z/Zk64fVJazDPo=",
        "ref": "main",
        "rev": "036f32e6b903888e0e6d204b64a1d967864fe92b",
        "revCount": 740,
        "type": "git",
        "url": "ssh://git@github.com/hefomo/nix-hot-pot"
      },
      "original": {
        "ref": "main",
        "type": "git",
        "url": "ssh://git@github.com/hefomo/nix-hot-pot"
      }
    },
    "nix2containerPkg": {
      "inputs": {
        "nixpkgs": [
          "hotPot",
          "nixpkgs"
        ]
      },
      "locked": {
        "lastModified": 1754614693,
        "narHash": "sha256-OECgOCtj6gI1vzIxBeis6M4A9VsLPNPGl5qfGggrgms=",
        "owner": "nktpro",
        "repo": "nix2container",
        "rev": "af672f51177bd81a1f86556204188f73a24c813d",
        "type": "github"
      },
      "original": {
        "owner": "nktpro",
        "repo": "nix2container",
        "type": "github"
      }
    },
    "nixpkgs": {
      "locked": {
        "lastModified": 1758791193,
        "narHash": "sha256-F8WmEwFoHsnix7rt290R0rFXNJiMbClMZyIC/e+HYf0=",
        "owner": "nixos",
        "repo": "nixpkgs",
        "rev": "25e53aa156d47bad5082ff7618f5feb1f5e02d01",
        "type": "github"
      },
      "original": {
        "owner": "nixos",
        "ref": "nixos-25.05",
        "repo": "nixpkgs",
        "type": "github"
      }
    },
    "nixpkgsUnstable": {
      "locked": {
        "lastModified": 1758748553,
        "narHash": "sha256-JJKJ2+tRY+/rNHYpF5sQv9dwxlTpiHdmE1TjyUPSCtk=",
        "owner": "NixOS",
        "repo": "nixpkgs",
        "rev": "886c6df58d7e3606a51f2612251dba7c08edc2ec",
        "type": "github"
      },
      "original": {
        "owner": "NixOS",
        "repo": "nixpkgs",
        "rev": "886c6df58d7e3606a51f2612251dba7c08edc2ec",
        "type": "github"
      }
    },
    "nixpkgsUnstablePrior": {
      "locked": {
        "lastModified": 1751980785,
        "narHash": "sha256-VOMUZLTnxygkbZ4evycoZiLR/dG4o1uJq/xN52ZhSmE=",
        "owner": "NixOS",
        "repo": "nixpkgs",
        "rev": "47754b692045206b960d62b04e730d78562db7a5",
        "type": "github"
      },
      "original": {
        "owner": "NixOS",
        "repo": "nixpkgs",
        "rev": "47754b692045206b960d62b04e730d78562db7a5",
        "type": "github"
      }
    },
    "npmlock2nixPkg": {
      "flake": false,
      "locked": {
        "lastModified": 1673447413,
        "narHash": "sha256-sJM82Sj8yfQYs9axEmGZ9Evzdv/kDcI9sddqJ45frrU=",
        "owner": "nix-community",
        "repo": "npmlock2nix",
        "rev": "9197bbf397d76059a76310523d45df10d2e4ca81",
        "type": "github"
      },
      "original": {
        "owner": "nix-community",
        "repo": "npmlock2nix",
        "rev": "9197bbf397d76059a76310523d45df10d2e4ca81",
        "type": "github"
      }
    },
    "root": {
      "inputs": {
        "darwin": "darwin",
        "flakeUtils": [
          "hotPot",
          "flakeUtils"
        ],
        "home-manager": "home-manager",
        "hotPot": "hotPot",
        "nixpkgs": [
          "hotPot",
          "nixpkgs"
        ]
      }
    },
    "rustOverlay": {
      "inputs": {
        "nixpkgs": [
          "hotPot",
          "nixpkgs"
        ]
      },
      "locked": {
        "lastModified": 1759113356,
        "narHash": "sha256-xm4kEUcV2jk6u15aHazFP4YsMwhq+PczA+Ul/4FDKWI=",
        "owner": "oxalica",
        "repo": "rust-overlay",
        "rev": "be3b8843a2be2411500f6c052876119485e957a2",
        "type": "github"
      },
      "original": {
        "owner": "oxalica",
        "repo": "rust-overlay",
        "type": "github"
      }
    },
    "systems": {
      "locked": {
        "lastModified": 1681028828,
        "narHash": "sha256-Vy1rq5AaRuLzOxct8nz4T6wlgyUR7zLU309k9mBC768=",
        "owner": "nix-systems",
        "repo": "default",
        "rev": "da67096a3b9bf56a91d16901293e51ba5b49a27e",
        "type": "github"
      },
      "original": {
        "owner": "nix-systems",
        "repo": "default",
        "type": "github"
      }
    }
  },
  "root": "root",
  "version": 7
}
